
Microsoft Visual Studio Solution File, Format Version 12.00
Project("{F2A71F9B-5D33-465A-A702-920D77279786}") = "FizzBuzz.Lame", "FizzBuzz.Lame\FizzBuzz.Lame.fsproj", "{933948E8-B26B-493D-B73A-D6B00054B6DA}"
EndProject
Global
	GlobalSection(SolutionConfigurationPlatforms) = preSolution
		Debug|Any CPU = Debug|Any CPU
		Release|Any CPU = Release|Any CPU
	EndGlobalSection
	GlobalSection(ProjectConfigurationPlatforms) = postSolution
		{933948E8-B26B-493D-B73A-D6B00054B6DA}.Debug|Any CPU.ActiveCfg = Debug|Any CPU
		{933948E8-B26B-493D-B73A-D6B00054B6DA}.Debug|Any CPU.Build.0 = Debug|Any CPU
		{933948E8-B26B-493D-B73A-D6B00054B6DA}.Release|Any CPU.ActiveCfg = Release|Any CPU
		{933948E8-B26B-493D-B73A-D6B00054B6DA}.Release|Any CPU.Build.0 = Release|Any CPU
	EndGlobalSection
EndGlobal
